// !$*UTF8*$!
{
	archiveVersion = 1;
	classes = {
	};
	objectVersion = 46;
	objects = {

/* Begin PBXBuildFile section */
		DEE6BC451E3D534E00AE91A2 /* AppDelegate.swift in Sources */ = {isa = PBXBuildFile; fileRef = DEE6BC441E3D534E00AE91A2 /* AppDelegate.swift */; };
		DEE6BC471E3D534E00AE91A2 /* ViewController.swift in Sources */ = {isa = PBXBuildFile; fileRef = DEE6BC461E3D534E00AE91A2 /* ViewController.swift */; };
		DEE6BC4A1E3D534E00AE91A2 /* Main.storyboard in Resources */ = {isa = PBXBuildFile; fileRef = DEE6BC481E3D534E00AE91A2 /* Main.storyboard */; };
		DEE6BC4C1E3D534E00AE91A2 /* Assets.xcassets in Resources */ = {isa = PBXBuildFile; fileRef = DEE6BC4B1E3D534E00AE91A2 /* Assets.xcassets */; };
		DEE6BC4F1E3D534E00AE91A2 /* LaunchScreen.storyboard in Resources */ = {isa = PBXBuildFile; fileRef = DEE6BC4D1E3D534E00AE91A2 /* LaunchScreen.storyboard */; };
		DEE6BC581E4097F700AE91A2 /* Calculator.swift in Sources */ = {isa = PBXBuildFile; fileRef = DEE6BC571E4097F700AE91A2 /* Calculator.swift */; };
/* End PBXBuildFile section */

/* Begin PBXFileReference section */
		DEE6BC411E3D534E00AE91A2 /* Calculator.app */ = {isa = PBXFileReference; explicitFileType = wrapper.application; includeInIndex = 0; path = Calculator.app; sourceTree = BUILT_PRODUCTS_DIR; };
		DEE6BC441E3D534E00AE91A2 /* AppDelegate.swift */ = {isa = PBXFileReference; lastKnownFileType = sourcecode.swift; path = AppDelegate.swift; sourceTree = "<group>"; };
		DEE6BC461E3D534E00AE91A2 /* ViewController.swift */ = {isa = PBXFileReference; lastKnownFileType = sourcecode.swift; path = ViewController.swift; sourceTree = "<group>"; };
		DEE6BC491E3D534E00AE91A2 /* Base */ = {isa = PBXFileReference; lastKnownFileType = file.storyboard; name = Base; path = Base.lproj/Main.storyboard; sourceTree = "<group>"; };
		DEE6BC4B1E3D534E00AE91A2 /* Assets.xcassets */ = {isa = PBXFileReference; lastKnownFileType = folder.assetcatalog; path = Assets.xcassets; sourceTree = "<group>"; };
		DEE6BC4E1E3D534E00AE91A2 /* Base */ = {isa = PBXFileReference; lastKnownFileType = file.storyboard; name = Base; path = Base.lproj/LaunchScreen.storyboard; sourceTree = "<group>"; };
		DEE6BC501E3D534E00AE91A2 /* Info.plist */ = {isa = PBXFileReference; lastKnownFileType = text.plist.xml; path = Info.plist; sourceTree = "<group>"; };
		DEE6BC571E4097F700AE91A2 /* Calculator.swift */ = {isa = PBXFileReference; fileEncoding = 4; lastKnownFileType = sourcecode.swift; path = Calculator.swift; sourceTree = "<group>"; };
/* End PBXFileReference section */

/* Begin PBXFrameworksBuildPhase section */
		DEE6BC3E1E3D534D00AE91A2 /* Frameworks */ = {
			isa = PBXFrameworksBuildPhase;
			buildActionMask = 2147483647;
			files = (
			);
			runOnlyForDeploymentPostprocessing = 0;
		};
/* End PBXFrameworksBuildPhase section */

/* Begin PBXGroup section */
		DEE6BC381E3D534D00AE91A2 = {
			isa = PBXGroup;
			children = (
				DEE6BC431E3D534E00AE91A2 /* Calculator */,
				DEE6BC421E3D534E00AE91A2 /* Products */,
			);
			sourceTree = "<group>";
		};
		DEE6BC421E3D534E00AE91A2 /* Products */ = {
			isa = PBXGroup;
			children = (
				DEE6BC411E3D534E00AE91A2 /* Calculator.app */,
			);
			name = Products;
			sourceTree = "<group>";
		};
		DEE6BC431E3D534E00AE91A2 /* Calculator */ = {
			isa = PBXGroup;
			children = (
				DEE6BC561E3D535900AE91A2 /* supporting File */,
				DEE6BC461E3D534E00AE91A2 /* ViewController.swift */,
				DEE6BC481E3D534E00AE91A2 /* Main.storyboard */,
				DEE6BC571E4097F700AE91A2 /* Calculator.swift */,
			);
			path = Calculator;
			sourceTree = "<group>";
		};
		DEE6BC561E3D535900AE91A2 /* supporting File */ = {
			isa = PBXGroup;
			children = (
				DEE6BC441E3D534E00AE91A2 /* AppDelegate.swift */,
				DEE6BC4B1E3D534E00AE91A2 /* Assets.xcassets */,
				DEE6BC4D1E3D534E00AE91A2 /* LaunchScreen.storyboard */,
				DEE6BC501E3D534E00AE91A2 /* Info.plist */,
			);
			name = "supporting File";
			sourceTree = "<group>";
		};
/* End PBXGroup section */

/* Begin PBXNativeTarget section */
		DEE6BC401E3D534D00AE91A2 /* Calculator */ = {
			isa = PBXNativeTarget;
			buildConfigurationList = DEE6BC531E3D534E00AE91A2 /* Build configuration list for PBXNativeTarget "Calculator" */;
			buildPhases = (
				DEE6BC3D1E3D534D00AE91A2 /* Sources */,
				DEE6BC3E1E3D534D00AE91A2 /* Frameworks */,
				DEE6BC3F1E3D534D00AE91A2 /* Resources */,
			);
			buildRules = (
			);
			dependencies = (
			);
			name = Calculator;
			productName = Calculator;
			productReference = DEE6BC411E3D534E00AE91A2 /* Calculator.app */;
			productType = "com.apple.product-type.application";
		};
/* End PBXNativeTarget section */

/* Begin PBXProject section */
		DEE6BC391E3D534D00AE91A2 /* Project object */ = {
			isa = PBXProject;
			attributes = {
				LastSwiftUpdateCheck = 0820;
				LastUpgradeCheck = 0820;
				ORGANIZATIONNAME = Owee;
				TargetAttributes = {
					DEE6BC401E3D534D00AE91A2 = {
						CreatedOnToolsVersion = 8.2.1;
						ProvisioningStyle = Automatic;
					};
				};
			};
			buildConfigurationList = DEE6BC3C1E3D534D00AE91A2 /* Build configuration list for PBXProject "Calculator" */;
			compatibilityVersion = "Xcode 3.2";
			developmentRegion = English;
			hasScannedForEncodings = 0;
			knownRegions = (
				en,
				Base,
			);
			mainGroup = DEE6BC381E3D534D00AE91A2;
			productRefGroup = DEE6BC421E3D534E00AE91A2 /* Products */;
			projectDirPath = "";
			projectRoot = "";
			targets = (
				DEE6BC401E3D534D00AE91A2 /* Calculator */,
			);
		};
/* End PBXProject section */

/* Begin PBXResourcesBuildPhase section */
		DEE6BC3F1E3D534D00AE91A2 /* Resources */ = {
			isa = PBXResourcesBuildPhase;
			buildActionMask = 2147483647;
			files = (
				DEE6BC4F1E3D534E00AE91A2 /* LaunchScreen.storyboard in Resources */,
				DEE6BC4C1E3D534E00AE91A2 /* Assets.xcassets in Resources */,
				DEE6BC4A1E3D534E00AE91A2 /* Main.storyboard in Resources */,
			);
			runOnlyForDeploymentPostprocessing = 0;
		};
/* End PBXResourcesBuildPhase section */

/* Begin PBXSourcesBuildPhase section */
		DEE6BC3D1E3D534D00AE91A2 /* Sources */ = {
			isa = PBXSourcesBuildPhase;
			buildActionMask = 2147483647;
			files = (
				DEE6BC471E3D534E00AE91A2 /* ViewController.swift in Sources */,
				DEE6BC451E3D534E00AE91A2 /* AppDelegate.swift in Sources */,
				DEE6BC581E4097F700AE91A2 /* Calculator.swift in Sources */,
			);
			runOnlyForDeploymentPostprocessing = 0;
		};
/* End PBXSourcesBuildPhase section */

/* Begin PBXVariantGroup section */
		DEE6BC481E3D534E00AE91A2 /* Main.storyboard */ = {
			isa = PBXVariantGroup;
			children = (
				DEE6BC491E3D534E00AE91A2 /* Base */,
			);
			name = Main.storyboard;
			sourceTree = "<group>";
		};
		DEE6BC4D1E3D534E00AE91A2 /* LaunchScreen.storyboard */ = {
			isa = PBXVariantGroup;
			children = (
				DEE6BC4E1E3D534E00AE91A2 /* Base */,
			);
			name = LaunchScreen.storyboard;
			sourceTree = "<group>";
		};
/* End PBXVariantGroup section */

/* Begin XCBuildConfiguration section */
		DEE6BC511E3D534E00AE91A2 /* Debug */ = {
			isa = XCBuildConfiguration;
			buildSettings = {
				ALWAYS_SEARCH_USER_PATHS = NO;
				CLANG_ANALYZER_NONNULL = YES;
				CLANG_CXX_LANGUAGE_STANDARD = "gnu++0x";
				CLANG_CXX_LIBRARY = "libc++";
				CLANG_ENABLE_MODULES = YES;
				CLANG_ENABLE_OBJC_ARC = YES;
				CLANG_WARN_BOOL_CONVERSION = YES;
				CLANG_WARN_CONSTANT_CONVERSION = YES;
				CLANG_WARN_DIRECT_OBJC_ISA_USAGE = YES_ERROR;
				CLANG_WARN_DOCUMENTATION_COMMENTS = YES;
				CLANG_WARN_EMPTY_BODY = YES;
				CLANG_WARN_ENUM_CONVERSION = YES;
				CLANG_WARN_INFINITE_RECURSION = YES;
				CLANG_WARN_INT_CONVERSION = YES;
				CLANG_WARN_OBJC_ROOT_CLASS = YES_ERROR;
				CLANG_WARN_SUSPICIOUS_MOVE = YES;
				CLANG_WARN_UNREACHABLE_CODE = YES;
				CLANG_WARN__DUPLICATE_METHOD_MATCH = YES;
				"CODE_SIGN_IDENTITY[sdk=iphoneos*]" = "iPhone Developer";
				COPY_PHASE_STRIP = NO;
				DEBUG_INFORMATION_FORMAT = dwarf;
				ENABLE_STRICT_OBJC_MSGSEND = YES;
				ENABLE_TESTABILITY = YES;
				GCC_C_LANGUAGE_STANDARD = gnu99;
				GCC_DYNAMIC_NO_PIC = NO;
				GCC_NO_COMMON_BLOCKS = YES;
				GCC_OPTIMIZATION_LEVEL = 0;
				GCC_PREPROCESSOR_DEFINITIONS = (
					"DEBUG=1",
					"$(inherited)",
				);
				GCC_WARN_64_TO_32_BIT_CONVERSION = YES;
				GCC_WARN_ABOUT_RETURN_TYPE = YES_ERROR;
				GCC_WARN_UNDECLARED_SELECTOR = YES;
				GCC_WARN_UNINITIALIZED_AUTOS = YES_AGGRESSIVE;
				GCC_WARN_UNUSED_FUNCTION = YES;
				GCC_WARN_UNUSED_VARIABLE = YES;
				IPHONEOS_DEPLOYMENT_TARGET = 10.2;
				MTL_ENABLE_DEBUG_INFO = YES;
				ONLY_ACTIVE_ARCH = YES;
				SDKROOT = iphoneos;
				SWIFT_ACTIVE_COMPILATION_CONDITIONS = DEBUG;
				SWIFT_OPTIMIZATION_LEVEL = "-Onone";
				TARGETED_DEVICE_FAMILY = "1,2";
			};
			name = Debug;
		};
		DEE6BC521E3D534E00AE91A2 /* Release */ = {
			isa = XCBuildConfiguration;
			buildSettings = {
				ALWAYS_SEARCH_USER_PATHS = NO;
				CLANG_ANALYZER_NONNULL = YES;
				CLANG_CXX_LANGUAGE_STANDARD = "gnu++0x";
				CLANG_CXX_LIBRARY = "libc++";
				CLANG_ENABLE_MODULES = YES;
				CLANG_ENABLE_OBJC_ARC = YES;
				CLANG_WARN_BOOL_CONVERSION = YES;
				CLANG_WARN_CONSTANT_CONVERSION = YES;
				CLANG_WARN_DIRECT_OBJC_ISA_USAGE = YES_ERROR;
				CLANG_WARN_DOCUMENTATION_COMMENTS = YES;
				CLANG_WARN_EMPTY_BODY = YES;
				CLANG_WARN_ENUM_CONVERSION = YES;
				CLANG_WARN_INFINITE_RECURSION = YES;
				CLANG_WARN_INT_CONVERSION = YES;
				CLANG_WARN_OBJC_ROOT_CLASS = YES_ERROR;
				CLANG_WARN_SUSPICIOUS_MOVE = YES;
				CLANG_WARN_UNREACHABLE_CODE = YES;
				CLANG_WARN__DUPLICATE_METHOD_MATCH = YES;
				"CODE_SIGN_IDENTITY[sdk=iphoneos*]" = "iPhone Developer";
				COPY_PHASE_STRIP = NO;
				DEBUG_INFORMATION_FORMAT = "dwarf-with-dsym";
				ENABLE_NS_ASSERTIONS = NO;
				ENABLE_STRICT_OBJC_MSGSEND = YES;
				GCC_C_LANGUAGE_STANDARD = gnu99;
				GCC_NO_COMMON_BLOCKS = YES;
				GCC_WARN_64_TO_32_BIT_CONVERSION = YES;
				GCC_WARN_ABOUT_RETURN_TYPE = YES_ERROR;
				GCC_WARN_UNDECLARED_SELECTOR = YES;
				GCC_WARN_UNINITIALIZED_AUTOS = YES_AGGRESSIVE;
				GCC_WARN_UNUSED_FUNCTION = YES;
				GCC_WARN_UNUSED_VARIABLE = YES;
				IPHONEOS_DEPLOYMENT_TARGET = 10.2;
				MTL_ENABLE_DEBUG_INFO = NO;
				SDKROOT = iphoneos;
				SWIFT_OPTIMIZATION_LEVEL = "-Owholemodule";
				TARGETED_DEVICE_FAMILY = "1,2";
				VALIDATE_PRODUCT = YES;
			};
			name = Release;
		};
		DEE6BC541E3D534E00AE91A2 /* Debug */ = {
			isa = XCBuildConfiguration;
			buildSettings = {
				ASSETCATALOG_COMPILER_APPICON_NAME = AppIcon;
				INFOPLIST_FILE = Calculator/Info.plist;
				LD_RUNPATH_SEARCH_PATHS = "$(inherited) @executable_path/Frameworks";
				PRODUCT_BUNDLE_IDENTIFIER = "luc-42-student.Calculator";
				PRODUCT_NAME = "$(TARGET_NAME)";
				SWIFT_VERSION = 3.0;
			};
			name = Debug;
		};
		DEE6BC551E3D534E00AE91A2 /* Release */ = {
			isa = XCBuildConfiguration;
			buildSettings = {
				ASSETCATALOG_COMPILER_APPICON_NAME = AppIcon;
				INFOPLIST_FILE = Calculator/Info.plist;
				LD_RUNPATH_SEARCH_PATHS = "$(inherited) @executable_path/Frameworks";
				PRODUCT_BUNDLE_IDENTIFIER = "luc-42-student.Calculator";
				PRODUCT_NAME = "$(TARGET_NAME)";
				SWIFT_VERSION = 3.0;
			};
			name = Release;
		};
/* End XCBuildConfiguration section */

/* Begin XCConfigurationList section */
		DEE6BC3C1E3D534D00AE91A2 /* Build configuration list for PBXProject "Calculator" */ = {
			isa = XCConfigurationList;
			buildConfigurations = (
				DEE6BC511E3D534E00AE91A2 /* Debug */,
				DEE6BC521E3D534E00AE91A2 /* Release */,
			);
			defaultConfigurationIsVisible = 0;
			defaultConfigurationName = Release;
		};
		DEE6BC531E3D534E00AE91A2 /* Build configuration list for PBXNativeTarget "Calculator" */ = {
			isa = XCConfigurationList;
			buildConfigurations = (
				DEE6BC541E3D534E00AE91A2 /* Debug */,
				DEE6BC551E3D534E00AE91A2 /* Release */,
			);
			defaultConfigurationIsVisible = 0;
			defaultConfigurationName = Release;
		};
/* End XCConfigurationList section */
	};
	rootObject = DEE6BC391E3D534D00AE91A2 /* Project object */;
}
